// !$*UTF8*$!
{
	archiveVersion = 1;
	classes = {
	};
	objectVersion = 48;
	objects = {

/* Begin PBXBuildFile section */
		E3AB88332007527A00CD08EC /* AppDelegate.swift in Sources */ = {isa = PBXBuildFile; fileRef = E3AB88322007527A00CD08EC /* AppDelegate.swift */; };
		E3AB88352007527A00CD08EC /* ViewController.swift in Sources */ = {isa = PBXBuildFile; fileRef = E3AB88342007527A00CD08EC /* ViewController.swift */; };
		E3AB88382007527A00CD08EC /* Main.storyboard in Resources */ = {isa = PBXBuildFile; fileRef = E3AB88362007527A00CD08EC /* Main.storyboard */; };
		E3AB883A2007527A00CD08EC /* Assets.xcassets in Resources */ = {isa = PBXBuildFile; fileRef = E3AB88392007527A00CD08EC /* Assets.xcassets */; };
		E3AB883D2007527A00CD08EC /* LaunchScreen.storyboard in Resources */ = {isa = PBXBuildFile; fileRef = E3AB883B2007527A00CD08EC /* LaunchScreen.storyboard */; };
		E3AB88482007527A00CD08EC /* CalendarTests.swift in Sources */ = {isa = PBXBuildFile; fileRef = E3AB88472007527A00CD08EC /* CalendarTests.swift */; };
		E3AB88532007527A00CD08EC /* CalendarUITests.swift in Sources */ = {isa = PBXBuildFile; fileRef = E3AB88522007527A00CD08EC /* CalendarUITests.swift */; };
/* End PBXBuildFile section */

/* Begin PBXContainerItemProxy section */
		E3AB88442007527A00CD08EC /* PBXContainerItemProxy */ = {
			isa = PBXContainerItemProxy;
			containerPortal = E3AB88272007527A00CD08EC /* Project object */;
			proxyType = 1;
			remoteGlobalIDString = E3AB882E2007527A00CD08EC;
			remoteInfo = Calendar;
		};
		E3AB884F2007527A00CD08EC /* PBXContainerItemProxy */ = {
			isa = PBXContainerItemProxy;
			containerPortal = E3AB88272007527A00CD08EC /* Project object */;
			proxyType = 1;
			remoteGlobalIDString = E3AB882E2007527A00CD08EC;
			remoteInfo = Calendar;
		};
/* End PBXContainerItemProxy section */

/* Begin PBXFileReference section */
		E3AB882F2007527A00CD08EC /* Calendar.app */ = {isa = PBXFileReference; explicitFileType = wrapper.application; includeInIndex = 0; path = Calendar.app; sourceTree = BUILT_PRODUCTS_DIR; };
		E3AB88322007527A00CD08EC /* AppDelegate.swift */ = {isa = PBXFileReference; lastKnownFileType = sourcecode.swift; path = AppDelegate.swift; sourceTree = "<group>"; };
		E3AB88342007527A00CD08EC /* ViewController.swift */ = {isa = PBXFileReference; lastKnownFileType = sourcecode.swift; path = ViewController.swift; sourceTree = "<group>"; };
		E3AB88372007527A00CD08EC /* Base */ = {isa = PBXFileReference; lastKnownFileType = file.storyboard; name = Base; path = Base.lproj/Main.storyboard; sourceTree = "<group>"; };
		E3AB88392007527A00CD08EC /* Assets.xcassets */ = {isa = PBXFileReference; lastKnownFileType = folder.assetcatalog; path = Assets.xcassets; sourceTree = "<group>"; };
		E3AB883C2007527A00CD08EC /* Base */ = {isa = PBXFileReference; lastKnownFileType = file.storyboard; name = Base; path = Base.lproj/LaunchScreen.storyboard; sourceTree = "<group>"; };
		E3AB883E2007527A00CD08EC /* Info.plist */ = {isa = PBXFileReference; lastKnownFileType = text.plist.xml; path = Info.plist; sourceTree = "<group>"; };
		E3AB88432007527A00CD08EC /* CalendarTests.xctest */ = {isa = PBXFileReference; explicitFileType = wrapper.cfbundle; includeInIndex = 0; path = CalendarTests.xctest; sourceTree = BUILT_PRODUCTS_DIR; };
		E3AB88472007527A00CD08EC /* CalendarTests.swift */ = {isa = PBXFileReference; lastKnownFileType = sourcecode.swift; path = CalendarTests.swift; sourceTree = "<group>"; };
		E3AB88492007527A00CD08EC /* Info.plist */ = {isa = PBXFileReference; lastKnownFileType = text.plist.xml; path = Info.plist; sourceTree = "<group>"; };
		E3AB884E2007527A00CD08EC /* CalendarUITests.xctest */ = {isa = PBXFileReference; explicitFileType = wrapper.cfbundle; includeInIndex = 0; path = CalendarUITests.xctest; sourceTree = BUILT_PRODUCTS_DIR; };
		E3AB88522007527A00CD08EC /* CalendarUITests.swift */ = {isa = PBXFileReference; lastKnownFileType = sourcecode.swift; path = CalendarUITests.swift; sourceTree = "<group>"; };
		E3AB88542007527A00CD08EC /* Info.plist */ = {isa = PBXFileReference; lastKnownFileType = text.plist.xml; path = Info.plist; sourceTree = "<group>"; };
/* End PBXFileReference section */

/* Begin PBXFrameworksBuildPhase section */
		E3AB882C2007527A00CD08EC /* Frameworks */ = {
			isa = PBXFrameworksBuildPhase;
			buildActionMask = 2147483647;
			files = (
			);
			runOnlyForDeploymentPostprocessing = 0;
		};
		E3AB88402007527A00CD08EC /* Frameworks */ = {
			isa = PBXFrameworksBuildPhase;
			buildActionMask = 2147483647;
			files = (
			);
			runOnlyForDeploymentPostprocessing = 0;
		};
		E3AB884B2007527A00CD08EC /* Frameworks */ = {
			isa = PBXFrameworksBuildPhase;
			buildActionMask = 2147483647;
			files = (
			);
			runOnlyForDeploymentPostprocessing = 0;
		};
/* End PBXFrameworksBuildPhase section */

/* Begin PBXGroup section */
		E3AB88262007527A00CD08EC = {
			isa = PBXGroup;
			children = (
				E3AB88312007527A00CD08EC /* Calendar */,
				E3AB88462007527A00CD08EC /* CalendarTests */,
				E3AB88512007527A00CD08EC /* CalendarUITests */,
				E3AB88302007527A00CD08EC /* Products */,
			);
			sourceTree = "<group>";
		};
		E3AB88302007527A00CD08EC /* Products */ = {
			isa = PBXGroup;
			children = (
				E3AB882F2007527A00CD08EC /* Calendar.app */,
				E3AB88432007527A00CD08EC /* CalendarTests.xctest */,
				E3AB884E2007527A00CD08EC /* CalendarUITests.xctest */,
			);
			name = Products;
			sourceTree = "<group>";
		};
		E3AB88312007527A00CD08EC /* Calendar */ = {
			isa = PBXGroup;
			children = (
				E3AB88322007527A00CD08EC /* AppDelegate.swift */,
				E3AB88342007527A00CD08EC /* ViewController.swift */,
				E3AB88362007527A00CD08EC /* Main.storyboard */,
				E3AB88392007527A00CD08EC /* Assets.xcassets */,
				E3AB883B2007527A00CD08EC /* LaunchScreen.storyboard */,
				E3AB883E2007527A00CD08EC /* Info.plist */,
			);
			path = Calendar;
			sourceTree = "<group>";
		};
		E3AB88462007527A00CD08EC /* CalendarTests */ = {
			isa = PBXGroup;
			children = (
				E3AB88472007527A00CD08EC /* CalendarTests.swift */,
				E3AB88492007527A00CD08EC /* Info.plist */,
			);
			path = CalendarTests;
			sourceTree = "<group>";
		};
		E3AB88512007527A00CD08EC /* CalendarUITests */ = {
			isa = PBXGroup;
			children = (
				E3AB88522007527A00CD08EC /* CalendarUITests.swift */,
				E3AB88542007527A00CD08EC /* Info.plist */,
			);
			path = CalendarUITests;
			sourceTree = "<group>";
		};
/* End PBXGroup section */

/* Begin PBXNativeTarget section */
		E3AB882E2007527A00CD08EC /* Calendar */ = {
			isa = PBXNativeTarget;
			buildConfigurationList = E3AB88572007527A00CD08EC /* Build configuration list for PBXNativeTarget "Calendar" */;
			buildPhases = (
				E3AB882B2007527A00CD08EC /* Sources */,
				E3AB882C2007527A00CD08EC /* Frameworks */,
				E3AB882D2007527A00CD08EC /* Resources */,
			);
			buildRules = (
			);
			dependencies = (
			);
			name = Calendar;
			productName = Calendar;
			productReference = E3AB882F2007527A00CD08EC /* Calendar.app */;
			productType = "com.apple.product-type.application";
		};
		E3AB88422007527A00CD08EC /* CalendarTests */ = {
			isa = PBXNativeTarget;
			buildConfigurationList = E3AB885A2007527A00CD08EC /* Build configuration list for PBXNativeTarget "CalendarTests" */;
			buildPhases = (
				E3AB883F2007527A00CD08EC /* Sources */,
				E3AB88402007527A00CD08EC /* Frameworks */,
				E3AB88412007527A00CD08EC /* Resources */,
			);
			buildRules = (
			);
			dependencies = (
				E3AB88452007527A00CD08EC /* PBXTargetDependency */,
			);
			name = CalendarTests;
			productName = CalendarTests;
			productReference = E3AB88432007527A00CD08EC /* CalendarTests.xctest */;
			productType = "com.apple.product-type.bundle.unit-test";
		};
		E3AB884D2007527A00CD08EC /* CalendarUITests */ = {
			isa = PBXNativeTarget;
			buildConfigurationList = E3AB885D2007527A00CD08EC /* Build configuration list for PBXNativeTarget "CalendarUITests" */;
			buildPhases = (
				E3AB884A2007527A00CD08EC /* Sources */,
				E3AB884B2007527A00CD08EC /* Frameworks */,
				E3AB884C2007527A00CD08EC /* Resources */,
			);
			buildRules = (
			);
			dependencies = (
				E3AB88502007527A00CD08EC /* PBXTargetDependency */,
			);
			name = CalendarUITests;
			productName = CalendarUITests;
			productReference = E3AB884E2007527A00CD08EC /* CalendarUITests.xctest */;
			productType = "com.apple.product-type.bundle.ui-testing";
		};
/* End PBXNativeTarget section */

/* Begin PBXProject section */
		E3AB88272007527A00CD08EC /* Project object */ = {
			isa = PBXProject;
			attributes = {
				LastSwiftUpdateCheck = 0920;
				LastUpgradeCheck = 0920;
				ORGANIZATIONNAME = liangjiazhang;
				TargetAttributes = {
					E3AB882E2007527A00CD08EC = {
						CreatedOnToolsVersion = 9.2;
						ProvisioningStyle = Automatic;
					};
					E3AB88422007527A00CD08EC = {
						CreatedOnToolsVersion = 9.2;
						ProvisioningStyle = Automatic;
						TestTargetID = E3AB882E2007527A00CD08EC;
					};
					E3AB884D2007527A00CD08EC = {
						CreatedOnToolsVersion = 9.2;
						ProvisioningStyle = Automatic;
						TestTargetID = E3AB882E2007527A00CD08EC;
					};
				};
			};
			buildConfigurationList = E3AB882A2007527A00CD08EC /* Build configuration list for PBXProject "Calendar" */;
			compatibilityVersion = "Xcode 8.0";
			developmentRegion = en;
			hasScannedForEncodings = 0;
			knownRegions = (
				en,
				Base,
			);
			mainGroup = E3AB88262007527A00CD08EC;
			productRefGroup = E3AB88302007527A00CD08EC /* Products */;
			projectDirPath = "";
			projectRoot = "";
			targets = (
				E3AB882E2007527A00CD08EC /* Calendar */,
				E3AB88422007527A00CD08EC /* CalendarTests */,
				E3AB884D2007527A00CD08EC /* CalendarUITests */,
			);
		};
/* End PBXProject section */

/* Begin PBXResourcesBuildPhase section */
		E3AB882D2007527A00CD08EC /* Resources */ = {
			isa = PBXResourcesBuildPhase;
			buildActionMask = 2147483647;
			files = (
				E3AB883D2007527A00CD08EC /* LaunchScreen.storyboard in Resources */,
				E3AB883A2007527A00CD08EC /* Assets.xcassets in Resources */,
				E3AB88382007527A00CD08EC /* Main.storyboard in Resources */,
			);
			runOnlyForDeploymentPostprocessing = 0;
		};
		E3AB88412007527A00CD08EC /* Resources */ = {
			isa = PBXResourcesBuildPhase;
			buildActionMask = 2147483647;
			files = (
			);
			runOnlyForDeploymentPostprocessing = 0;
		};
		E3AB884C2007527A00CD08EC /* Resources */ = {
			isa = PBXResourcesBuildPhase;
			buildActionMask = 2147483647;
			files = (
			);
			runOnlyForDeploymentPostprocessing = 0;
		};
/* End PBXResourcesBuildPhase section */

/* Begin PBXSourcesBuildPhase section */
		E3AB882B2007527A00CD08EC /* Sources */ = {
			isa = PBXSourcesBuildPhase;
			buildActionMask = 2147483647;
			files = (
				E3AB88352007527A00CD08EC /* ViewController.swift in Sources */,
				E3AB88332007527A00CD08EC /* AppDelegate.swift in Sources */,
			);
			runOnlyForDeploymentPostprocessing = 0;
		};
		E3AB883F2007527A00CD08EC /* Sources */ = {
			isa = PBXSourcesBuildPhase;
			buildActionMask = 2147483647;
			files = (
				E3AB88482007527A00CD08EC /* CalendarTests.swift in Sources */,
			);
			runOnlyForDeploymentPostprocessing = 0;
		};
		E3AB884A2007527A00CD08EC /* Sources */ = {
			isa = PBXSourcesBuildPhase;
			buildActionMask = 2147483647;
			files = (
				E3AB88532007527A00CD08EC /* CalendarUITests.swift in Sources */,
			);
			runOnlyForDeploymentPostprocessing = 0;
		};
/* End PBXSourcesBuildPhase section */

/* Begin PBXTargetDependency section */
		E3AB88452007527A00CD08EC /* PBXTargetDependency */ = {
			isa = PBXTargetDependency;
			target = E3AB882E2007527A00CD08EC /* Calendar */;
			targetProxy = E3AB88442007527A00CD08EC /* PBXContainerItemProxy */;
		};
		E3AB88502007527A00CD08EC /* PBXTargetDependency */ = {
			isa = PBXTargetDependency;
			target = E3AB882E2007527A00CD08EC /* Calendar */;
			targetProxy = E3AB884F2007527A00CD08EC /* PBXContainerItemProxy */;
		};
/* End PBXTargetDependency section */

/* Begin PBXVariantGroup section */
		E3AB88362007527A00CD08EC /* Main.storyboard */ = {
			isa = PBXVariantGroup;
			children = (
				E3AB88372007527A00CD08EC /* Base */,
			);
			name = Main.storyboard;
			sourceTree = "<group>";
		};
		E3AB883B2007527A00CD08EC /* LaunchScreen.storyboard */ = {
			isa = PBXVariantGroup;
			children = (
				E3AB883C2007527A00CD08EC /* Base */,
			);
			name = LaunchScreen.storyboard;
			sourceTree = "<group>";
		};
/* End PBXVariantGroup section */

/* Begin XCBuildConfiguration section */
		E3AB88552007527A00CD08EC /* Debug */ = {
			isa = XCBuildConfiguration;
			buildSettings = {
				ALWAYS_SEARCH_USER_PATHS = NO;
				CLANG_ANALYZER_NONNULL = YES;
				CLANG_ANALYZER_NUMBER_OBJECT_CONVERSION = YES_AGGRESSIVE;
				CLANG_CXX_LANGUAGE_STANDARD = "gnu++14";
				CLANG_CXX_LIBRARY = "libc++";
				CLANG_ENABLE_MODULES = YES;
				CLANG_ENABLE_OBJC_ARC = YES;
				CLANG_WARN_BLOCK_CAPTURE_AUTORELEASING = YES;
				CLANG_WARN_BOOL_CONVERSION = YES;
				CLANG_WARN_COMMA = YES;
				CLANG_WARN_CONSTANT_CONVERSION = YES;
				CLANG_WARN_DIRECT_OBJC_ISA_USAGE = YES_ERROR;
				CLANG_WARN_DOCUMENTATION_COMMENTS = YES;
				CLANG_WARN_EMPTY_BODY = YES;
				CLANG_WARN_ENUM_CONVERSION = YES;
				CLANG_WARN_INFINITE_RECURSION = YES;
				CLANG_WARN_INT_CONVERSION = YES;
				CLANG_WARN_NON_LITERAL_NULL_CONVERSION = YES;
				CLANG_WARN_OBJC_LITERAL_CONVERSION = YES;
				CLANG_WARN_OBJC_ROOT_CLASS = YES_ERROR;
				CLANG_WARN_RANGE_LOOP_ANALYSIS = YES;
				CLANG_WARN_STRICT_PROTOTYPES = YES;
				CLANG_WARN_SUSPICIOUS_MOVE = YES;
				CLANG_WARN_UNGUARDED_AVAILABILITY = YES_AGGRESSIVE;
				CLANG_WARN_UNREACHABLE_CODE = YES;
				CLANG_WARN__DUPLICATE_METHOD_MATCH = YES;
				CODE_SIGN_IDENTITY = "iPhone Developer";
				COPY_PHASE_STRIP = NO;
				DEBUG_INFORMATION_FORMAT = dwarf;
				ENABLE_STRICT_OBJC_MSGSEND = YES;
				ENABLE_TESTABILITY = YES;
				GCC_C_LANGUAGE_STANDARD = gnu11;
				GCC_DYNAMIC_NO_PIC = NO;
				GCC_NO_COMMON_BLOCKS = YES;
				GCC_OPTIMIZATION_LEVEL = 0;
				GCC_PREPROCESSOR_DEFINITIONS = (
					"DEBUG=1",
					"$(inherited)",
				);
				GCC_WARN_64_TO_32_BIT_CONVERSION = YES;
				GCC_WARN_ABOUT_RETURN_TYPE = YES_ERROR;
				GCC_WARN_UNDECLARED_SELECTOR = YES;
				GCC_WARN_UNINITIALIZED_AUTOS = YES_AGGRESSIVE;
				GCC_WARN_UNUSED_FUNCTION = YES;
				GCC_WARN_UNUSED_VARIABLE = YES;
				IPHONEOS_DEPLOYMENT_TARGET = 11.2;
				MTL_ENABLE_DEBUG_INFO = YES;
				ONLY_ACTIVE_ARCH = YES;
				SDKROOT = iphoneos;
				SWIFT_ACTIVE_COMPILATION_CONDITIONS = DEBUG;
				SWIFT_OPTIMIZATION_LEVEL = "-Onone";
			};
			name = Debug;
		};
		E3AB88562007527A00CD08EC /* Release */ = {
			isa = XCBuildConfiguration;
			buildSettings = {
				ALWAYS_SEARCH_USER_PATHS = NO;
				CLANG_ANALYZER_NONNULL = YES;
				CLANG_ANALYZER_NUMBER_OBJECT_CONVERSION = YES_AGGRESSIVE;
				CLANG_CXX_LANGUAGE_STANDARD = "gnu++14";
				CLANG_CXX_LIBRARY = "libc++";
				CLANG_ENABLE_MODULES = YES;
				CLANG_ENABLE_OBJC_ARC = YES;
				CLANG_WARN_BLOCK_CAPTURE_AUTORELEASING = YES;
				CLANG_WARN_BOOL_CONVERSION = YES;
				CLANG_WARN_COMMA = YES;
				CLANG_WARN_CONSTANT_CONVERSION = YES;
				CLANG_WARN_DIRECT_OBJC_ISA_USAGE = YES_ERROR;
				CLANG_WARN_DOCUMENTATION_COMMENTS = YES;
				CLANG_WARN_EMPTY_BODY = YES;
				CLANG_WARN_ENUM_CONVERSION = YES;
				CLANG_WARN_INFINITE_RECURSION = YES;
				CLANG_WARN_INT_CONVERSION = YES;
				CLANG_WARN_NON_LITERAL_NULL_CONVERSION = YES;
				CLANG_WARN_OBJC_LITERAL_CONVERSION = YES;
				CLANG_WARN_OBJC_ROOT_CLASS = YES_ERROR;
				CLANG_WARN_RANGE_LOOP_ANALYSIS = YES;
				CLANG_WARN_STRICT_PROTOTYPES = YES;
				CLANG_WARN_SUSPICIOUS_MOVE = YES;
				CLANG_WARN_UNGUARDED_AVAILABILITY = YES_AGGRESSIVE;
				CLANG_WARN_UNREACHABLE_CODE = YES;
				CLANG_WARN__DUPLICATE_METHOD_MATCH = YES;
				CODE_SIGN_IDENTITY = "iPhone Developer";
				COPY_PHASE_STRIP = NO;
				DEBUG_INFORMATION_FORMAT = "dwarf-with-dsym";
				ENABLE_NS_ASSERTIONS = NO;
				ENABLE_STRICT_OBJC_MSGSEND = YES;
				GCC_C_LANGUAGE_STANDARD = gnu11;
				GCC_NO_COMMON_BLOCKS = YES;
				GCC_WARN_64_TO_32_BIT_CONVERSION = YES;
				GCC_WARN_ABOUT_RETURN_TYPE = YES_ERROR;
				GCC_WARN_UNDECLARED_SELECTOR = YES;
				GCC_WARN_UNINITIALIZED_AUTOS = YES_AGGRESSIVE;
				GCC_WARN_UNUSED_FUNCTION = YES;
				GCC_WARN_UNUSED_VARIABLE = YES;
				IPHONEOS_DEPLOYMENT_TARGET = 11.2;
				MTL_ENABLE_DEBUG_INFO = NO;
				SDKROOT = iphoneos;
				SWIFT_OPTIMIZATION_LEVEL = "-Owholemodule";
				VALIDATE_PRODUCT = YES;
			};
			name = Release;
		};
		E3AB88582007527A00CD08EC /* Debug */ = {
			isa = XCBuildConfiguration;
			buildSettings = {
				ASSETCATALOG_COMPILER_APPICON_NAME = AppIcon;
				CODE_SIGN_STYLE = Automatic;
				DEVELOPMENT_TEAM = 725V6EEYCA;
				INFOPLIST_FILE = Calendar/Info.plist;
				LD_RUNPATH_SEARCH_PATHS = "$(inherited) @executable_path/Frameworks";
				PRODUCT_BUNDLE_IDENTIFIER = liangjiazhang.Calendar;
				PRODUCT_NAME = "$(TARGET_NAME)";
				SWIFT_VERSION = 4.0;
				TARGETED_DEVICE_FAMILY = "1,2";
			};
			name = Debug;
		};
		E3AB88592007527A00CD08EC /* Release */ = {
			isa = XCBuildConfiguration;
			buildSettings = {
				ASSETCATALOG_COMPILER_APPICON_NAME = AppIcon;
				CODE_SIGN_STYLE = Automatic;
				DEVELOPMENT_TEAM = 725V6EEYCA;
				INFOPLIST_FILE = Calendar/Info.plist;
				LD_RUNPATH_SEARCH_PATHS = "$(inherited) @executable_path/Frameworks";
				PRODUCT_BUNDLE_IDENTIFIER = liangjiazhang.Calendar;
				PRODUCT_NAME = "$(TARGET_NAME)";
				SWIFT_VERSION = 4.0;
				TARGETED_DEVICE_FAMILY = "1,2";
			};
			name = Release;
		};
		E3AB885B2007527A00CD08EC /* Debug */ = {
			isa = XCBuildConfiguration;
			buildSettings = {
				ALWAYS_EMBED_SWIFT_STANDARD_LIBRARIES = YES;
				BUNDLE_LOADER = "$(TEST_HOST)";
				CODE_SIGN_STYLE = Automatic;
				DEVELOPMENT_TEAM = 725V6EEYCA;
				INFOPLIST_FILE = CalendarTests/Info.plist;
				LD_RUNPATH_SEARCH_PATHS = "$(inherited) @executable_path/Frameworks @loader_path/Frameworks";
				PRODUCT_BUNDLE_IDENTIFIER = liangjiazhang.CalendarTests;
				PRODUCT_NAME = "$(TARGET_NAME)";
				SWIFT_VERSION = 4.0;
				TARGETED_DEVICE_FAMILY = "1,2";
				TEST_HOST = "$(BUILT_PRODUCTS_DIR)/Calendar.app/Calendar";
			};
			name = Debug;
		};
		E3AB885C2007527A00CD08EC /* Release */ = {
			isa = XCBuildConfiguration;
			buildSettings = {
				ALWAYS_EMBED_SWIFT_STANDARD_LIBRARIES = YES;
				BUNDLE_LOADER = "$(TEST_HOST)";
				CODE_SIGN_STYLE = Automatic;
				DEVELOPMENT_TEAM = 725V6EEYCA;
				INFOPLIST_FILE = CalendarTests/Info.plist;
				LD_RUNPATH_SEARCH_PATHS = "$(inherited) @executable_path/Frameworks @loader_path/Frameworks";
				PRODUCT_BUNDLE_IDENTIFIER = liangjiazhang.CalendarTests;
				PRODUCT_NAME = "$(TARGET_NAME)";
				SWIFT_VERSION = 4.0;
				TARGETED_DEVICE_FAMILY = "1,2";
				TEST_HOST = "$(BUILT_PRODUCTS_DIR)/Calendar.app/Calendar";
			};
			name = Release;
		};
		E3AB885E2007527A00CD08EC /* Debug */ = {
			isa = XCBuildConfiguration;
			buildSettings = {
				ALWAYS_EMBED_SWIFT_STANDARD_LIBRARIES = YES;
				CODE_SIGN_STYLE = Automatic;
				DEVELOPMENT_TEAM = 725V6EEYCA;
				INFOPLIST_FILE = CalendarUITests/Info.plist;
				LD_RUNPATH_SEARCH_PATHS = "$(inherited) @executable_path/Frameworks @loader_path/Frameworks";
				PRODUCT_BUNDLE_IDENTIFIER = liangjiazhang.CalendarUITests;
				PRODUCT_NAME = "$(TARGET_NAME)";
				SWIFT_VERSION = 4.0;
				TARGETED_DEVICE_FAMILY = "1,2";
				TEST_TARGET_NAME = Calendar;
			};
			name = Debug;
		};
		E3AB885F2007527A00CD08EC /* Release */ = {
			isa = XCBuildConfiguration;
			buildSettings = {
				ALWAYS_EMBED_SWIFT_STANDARD_LIBRARIES = YES;
				CODE_SIGN_STYLE = Automatic;
				DEVELOPMENT_TEAM = 725V6EEYCA;
				INFOPLIST_FILE = CalendarUITests/Info.plist;
				LD_RUNPATH_SEARCH_PATHS = "$(inherited) @executable_path/Frameworks @loader_path/Frameworks";
				PRODUCT_BUNDLE_IDENTIFIER = liangjiazhang.CalendarUITests;
				PRODUCT_NAME = "$(TARGET_NAME)";
				SWIFT_VERSION = 4.0;
				TARGETED_DEVICE_FAMILY = "1,2";
				TEST_TARGET_NAME = Calendar;
			};
			name = Release;
		};
/* End XCBuildConfiguration section */

/* Begin XCConfigurationList section */
		E3AB882A2007527A00CD08EC /* Build configuration list for PBXProject "Calendar" */ = {
			isa = XCConfigurationList;
			buildConfigurations = (
				E3AB88552007527A00CD08EC /* Debug */,
				E3AB88562007527A00CD08EC /* Release */,
			);
			defaultConfigurationIsVisible = 0;
			defaultConfigurationName = Release;
		};
		E3AB88572007527A00CD08EC /* Build configuration list for PBXNativeTarget "Calendar" */ = {
			isa = XCConfigurationList;
			buildConfigurations = (
				E3AB88582007527A00CD08EC /* Debug */,
				E3AB88592007527A00CD08EC /* Release */,
			);
			defaultConfigurationIsVisible = 0;
			defaultConfigurationName = Release;
		};
		E3AB885A2007527A00CD08EC /* Build configuration list for PBXNativeTarget "CalendarTests" */ = {
			isa = XCConfigurationList;
			buildConfigurations = (
				E3AB885B2007527A00CD08EC /* Debug */,
				E3AB885C2007527A00CD08EC /* Release */,
			);
			defaultConfigurationIsVisible = 0;
			defaultConfigurationName = Release;
		};
		E3AB885D2007527A00CD08EC /* Build configuration list for PBXNativeTarget "CalendarUITests" */ = {
			isa = XCConfigurationList;
			buildConfigurations = (
				E3AB885E2007527A00CD08EC /* Debug */,
				E3AB885F2007527A00CD08EC /* Release */,
			);
			defaultConfigurationIsVisible = 0;
			defaultConfigurationName = Release;
		};
/* End XCConfigurationList section */
	};
	rootObject = E3AB88272007527A00CD08EC /* Project object */;
}
